{
  "name": "i-vivu",
  "version": "0.2.1",
  "lockfileVersion": 2,
  "requires": true,
  "packages": {
    "": {
      "name": "i-vivu",
      "version": "0.2.1",
      "dependencies": {
        "@tiki.vn/mini-html-parser2": "^0.0.4",
        "@tiki.vn/tini-types": "^0.3.0",
        "@tiki.vn/tini-ui": "^0.14.0",
        "@types/lodash-es": "^4.17.6",
        "lodash-es": "^4.17.21",
        "moment": "^2.29.4"
      },
      "devDependencies": {
        "prettier": "^2.5.1"
      }
    },
    "node_modules/@babel/runtime": {
      "version": "7.18.9",
      "resolved": "https://registry.npmjs.org/@babel/runtime/-/runtime-7.18.9.tgz",
      "integrity": "sha512-lkqXDcvlFT5rvEjiu6+QYO+1GXrEHRo2LOtS7E4GtX5ESIZOgepqsZBVIj6Pv+a6zqsya9VCgiK1KAK4BvJDAw==",
      "dependencies": {
        "regenerator-runtime": "^0.13.4"
      },
      "engines": {
        "node": ">=6.9.0"
      }
    },
    "node_modules/@tiki.vn/mini-html-parser2": {
      "version": "0.0.4",
      "resolved": "https://registry.npmjs.org/@tiki.vn/mini-html-parser2/-/mini-html-parser2-0.0.4.tgz",
      "integrity": "sha512-sJ0JmEgfO8l2hL13hiQLE0CpeR07OTeCWOnQj/Q9LFs4pfOZNcU5MbvmuApdm9gn9n6Jh7rD7Z6aQG2Fayv12g==",
      "dependencies": {
        "domhandler": "^2.4.2",
        "entities": "^1.1.1",
        "events": "^3.0.0"
      }
    },
    "node_modules/@tiki.vn/tini-style": {
      "version": "0.14.0",
      "resolved": "https://registry.npmjs.org/@tiki.vn/tini-style/-/tini-style-0.14.0.tgz",
      "integrity": "sha512-4/TkWdPNdZHS6/yUf9IpGdY/yXL4LhLtTGXRZxXWUX23jawdv1LFybkxmCiyAAwo14HDmUNGLVrr7ZZUwWX81A=="
    },
    "node_modules/@tiki.vn/tini-types": {
      "version": "0.3.0",
      "resolved": "https://registry.npmjs.org/@tiki.vn/tini-types/-/tini-types-0.3.0.tgz",
      "integrity": "sha512-10fA88VeM39M+TL7gztCZZnJ0c0RCgX1YN4sTMcGVa8t5YmpbpNVDxEwueZGHT3sZRLRqLzpym44ckpTpUIjUA=="
    },
    "node_modules/@tiki.vn/tini-ui": {
      "version": "0.14.0",
      "resolved": "https://registry.npmjs.org/@tiki.vn/tini-ui/-/tini-ui-0.14.0.tgz",
      "integrity": "sha512-BLyHoDPnetNrKAQGKrBgA6NFQrLjrH3mUKEcN4mj0L/QkuFibr4wKU4Q2GNDIvKr8DxMxwT5CaLOdAaKVexQPQ==",
      "dependencies": {
        "@babel/runtime": "^7.15.3",
        "@tiki.vn/tini-style": "0.14.0"
      }
    },
    "node_modules/@types/lodash": {
      "version": "4.14.182",
      "resolved": "https://registry.npmjs.org/@types/lodash/-/lodash-4.14.182.tgz",
      "integrity": "sha512-/THyiqyQAP9AfARo4pF+aCGcyiQ94tX/Is2I7HofNRqoYLgN1PBoOWu2/zTA5zMxzP5EFutMtWtGAFRKUe961Q=="
    },
    "node_modules/@types/lodash-es": {
      "version": "4.17.6",
      "resolved": "https://registry.npmjs.org/@types/lodash-es/-/lodash-es-4.17.6.tgz",
      "integrity": "sha512-R+zTeVUKDdfoRxpAryaQNRKk3105Rrgx2CFRClIgRGaqDTdjsm8h6IYA8ir584W3ePzkZfst5xIgDwYrlh9HLg==",
      "dependencies": {
        "@types/lodash": "*"
      }
    },
    "node_modules/domelementtype": {
      "version": "1.3.1",
      "resolved": "https://registry.npmjs.org/domelementtype/-/domelementtype-1.3.1.tgz",
      "integrity": "sha512-BSKB+TSpMpFI/HOxCNr1O8aMOTZ8hT3pM3GQ0w/mWRmkhEDSFJkkyzz4XQsBV44BChwGkrDfMyjVD0eA2aFV3w=="
    },
    "node_modules/domhandler": {
      "version": "2.4.2",
      "resolved": "https://registry.npmjs.org/domhandler/-/domhandler-2.4.2.tgz",
      "integrity": "sha512-JiK04h0Ht5u/80fdLMCEmV4zkNh2BcoMFBmZ/91WtYZ8qVXSKjiw7fXMgFPnHcSZgOo3XdinHvmnDUeMf5R4wA==",
      "dependencies": {
        "domelementtype": "1"
      }
    },
    "node_modules/entities": {
      "version": "1.1.2",
      "resolved": "https://registry.npmjs.org/entities/-/entities-1.1.2.tgz",
      "integrity": "sha512-f2LZMYl1Fzu7YSBKg+RoROelpOaNrcGmE9AZubeDfrCEia483oW4MI4VyFd5VNHIgQ/7qm1I0wUHK1eJnn2y2w=="
    },
    "node_modules/events": {
      "version": "3.3.0",
      "resolved": "https://registry.npmjs.org/events/-/events-3.3.0.tgz",
      "integrity": "sha512-mQw+2fkQbALzQ7V0MY0IqdnXNOeTtP4r0lN9z7AAawCXgqea7bDii20AYrIBrFd/Hx0M2Ocz6S111CaFkUcb0Q==",
      "engines": {
        "node": ">=0.8.x"
      }
    },
    "node_modules/lodash-es": {
      "version": "4.17.21",
      "resolved": "https://registry.npmjs.org/lodash-es/-/lodash-es-4.17.21.tgz",
      "integrity": "sha512-mKnC+QJ9pWVzv+C4/U3rRsHapFfHvQFoFB92e52xeyGMcX6/OlIl78je1u8vePzYZSkkogMPJ2yjxxsb89cxyw=="
    },
    "node_modules/moment": {
      "version": "2.29.4",
      "resolved": "https://registry.npmjs.org/moment/-/moment-2.29.4.tgz",
      "integrity": "sha512-5LC9SOxjSc2HF6vO2CyuTDNivEdoz2IvyJJGj6X8DJ0eFyfszE0QiEd+iXmBvUP3WHxSjFH/vIsA0EN00cgr8w==",
      "engines": {
        "node": "*"
      }
    },
    "node_modules/prettier": {
      "version": "2.6.2",
      "resolved": "https://registry.npmjs.org/prettier/-/prettier-2.6.2.tgz",
      "integrity": "sha512-PkUpF+qoXTqhOeWL9fu7As8LXsIUZ1WYaJiY/a7McAQzxjk82OF0tibkFXVCDImZtWxbvojFjerkiLb0/q8mew==",
      "dev": true,
      "bin": {
        "prettier": "bin-prettier.js"
      },
      "engines": {
        "node": ">=10.13.0"
      },
      "funding": {
        "url": "https://github.com/prettier/prettier?sponsor=1"
      }
    },
    "node_modules/regenerator-runtime": {
      "version": "0.13.9",
      "resolved": "https://registry.npmjs.org/regenerator-runtime/-/regenerator-runtime-0.13.9.tgz",
      "integrity": "sha512-p3VT+cOEgxFsRRA9X4lkI1E+k2/CtnKtU4gcxyaCUreilL/vqI6CdZ3wxVUx3UOUg+gnUOQQcRI7BmSI656MYA=="
    }
  },
  "dependencies": {
    "@babel/runtime": {
      "version": "7.18.9",
      "resolved": "https://registry.npmjs.org/@babel/runtime/-/runtime-7.18.9.tgz",
      "integrity": "sha512-lkqXDcvlFT5rvEjiu6+QYO+1GXrEHRo2LOtS7E4GtX5ESIZOgepqsZBVIj6Pv+a6zqsya9VCgiK1KAK4BvJDAw==",
      "requires": {
        "regenerator-runtime": "^0.13.4"
      }
    },
    "@tiki.vn/mini-html-parser2": {
      "version": "0.0.4",
      "resolved": "https://registry.npmjs.org/@tiki.vn/mini-html-parser2/-/mini-html-parser2-0.0.4.tgz",
      "integrity": "sha512-sJ0JmEgfO8l2hL13hiQLE0CpeR07OTeCWOnQj/Q9LFs4pfOZNcU5MbvmuApdm9gn9n6Jh7rD7Z6aQG2Fayv12g==",
      "requires": {
        "domhandler": "^2.4.2",
        "entities": "^1.1.1",
        "events": "^3.0.0"
      }
    },
    "@tiki.vn/tini-style": {
      "version": "0.14.0",
      "resolved": "https://registry.npmjs.org/@tiki.vn/tini-style/-/tini-style-0.14.0.tgz",
      "integrity": "sha512-4/TkWdPNdZHS6/yUf9IpGdY/yXL4LhLtTGXRZxXWUX23jawdv1LFybkxmCiyAAwo14HDmUNGLVrr7ZZUwWX81A=="
    },
    "@tiki.vn/tini-types": {
      "version": "0.3.0",
      "resolved": "https://registry.npmjs.org/@tiki.vn/tini-types/-/tini-types-0.3.0.tgz",
      "integrity": "sha512-10fA88VeM39M+TL7gztCZZnJ0c0RCgX1YN4sTMcGVa8t5YmpbpNVDxEwueZGHT3sZRLRqLzpym44ckpTpUIjUA=="
    },
    "@tiki.vn/tini-ui": {
      "version": "0.14.0",
      "resolved": "https://registry.npmjs.org/@tiki.vn/tini-ui/-/tini-ui-0.14.0.tgz",
      "integrity": "sha512-BLyHoDPnetNrKAQGKrBgA6NFQrLjrH3mUKEcN4mj0L/QkuFibr4wKU4Q2GNDIvKr8DxMxwT5CaLOdAaKVexQPQ==",
      "requires": {
        "@babel/runtime": "^7.15.3",
        "@tiki.vn/tini-style": "0.14.0"
      }
    },
    "@types/lodash": {
      "version": "4.14.182",
      "resolved": "https://registry.npmjs.org/@types/lodash/-/lodash-4.14.182.tgz",
      "integrity": "sha512-/THyiqyQAP9AfARo4pF+aCGcyiQ94tX/Is2I7HofNRqoYLgN1PBoOWu2/zTA5zMxzP5EFutMtWtGAFRKUe961Q=="
    },
    "@types/lodash-es": {
      "version": "4.17.6",
      "resolved": "https://registry.npmjs.org/@types/lodash-es/-/lodash-es-4.17.6.tgz",
      "integrity": "sha512-R+zTeVUKDdfoRxpAryaQNRKk3105Rrgx2CFRClIgRGaqDTdjsm8h6IYA8ir584W3ePzkZfst5xIgDwYrlh9HLg==",
      "requires": {
        "@types/lodash": "*"
      }
    },
    "domelementtype": {
      "version": "1.3.1",
      "resolved": "https://registry.npmjs.org/domelementtype/-/domelementtype-1.3.1.tgz",
      "integrity": "sha512-BSKB+TSpMpFI/HOxCNr1O8aMOTZ8hT3pM3GQ0w/mWRmkhEDSFJkkyzz4XQsBV44BChwGkrDfMyjVD0eA2aFV3w=="
    },
    "domhandler": {
      "version": "2.4.2",
      "resolved": "https://registry.npmjs.org/domhandler/-/domhandler-2.4.2.tgz",
      "integrity": "sha512-JiK04h0Ht5u/80fdLMCEmV4zkNh2BcoMFBmZ/91WtYZ8qVXSKjiw7fXMgFPnHcSZgOo3XdinHvmnDUeMf5R4wA==",
      "requires": {
        "domelementtype": "1"
      }
    },
    "entities": {
      "version": "1.1.2",
      "resolved": "https://registry.npmjs.org/entities/-/entities-1.1.2.tgz",
      "integrity": "sha512-f2LZMYl1Fzu7YSBKg+RoROelpOaNrcGmE9AZubeDfrCEia483oW4MI4VyFd5VNHIgQ/7qm1I0wUHK1eJnn2y2w=="
    },
    "events": {
      "version": "3.3.0",
      "resolved": "https://registry.npmjs.org/events/-/events-3.3.0.tgz",
      "integrity": "sha512-mQw+2fkQbALzQ7V0MY0IqdnXNOeTtP4r0lN9z7AAawCXgqea7bDii20AYrIBrFd/Hx0M2Ocz6S111CaFkUcb0Q=="
    },
    "lodash-es": {
      "version": "4.17.21",
      "resolved": "https://registry.npmjs.org/lodash-es/-/lodash-es-4.17.21.tgz",
      "integrity": "sha512-mKnC+QJ9pWVzv+C4/U3rRsHapFfHvQFoFB92e52xeyGMcX6/OlIl78je1u8vePzYZSkkogMPJ2yjxxsb89cxyw=="
    },
    "moment": {
      "version": "2.29.4",
      "resolved": "https://registry.npmjs.org/moment/-/moment-2.29.4.tgz",
      "integrity": "sha512-5LC9SOxjSc2HF6vO2CyuTDNivEdoz2IvyJJGj6X8DJ0eFyfszE0QiEd+iXmBvUP3WHxSjFH/vIsA0EN00cgr8w=="
    },
    "prettier": {
      "version": "2.6.2",
      "resolved": "https://registry.npmjs.org/prettier/-/prettier-2.6.2.tgz",
      "integrity": "sha512-PkUpF+qoXTqhOeWL9fu7As8LXsIUZ1WYaJiY/a7McAQzxjk82OF0tibkFXVCDImZtWxbvojFjerkiLb0/q8mew==",
      "dev": true
    },
    "regenerator-runtime": {
      "version": "0.13.9",
      "resolved": "https://registry.npmjs.org/regenerator-runtime/-/regenerator-runtime-0.13.9.tgz",
      "integrity": "sha512-p3VT+cOEgxFsRRA9X4lkI1E+k2/CtnKtU4gcxyaCUreilL/vqI6CdZ3wxVUx3UOUg+gnUOQQcRI7BmSI656MYA=="
    }
  }
}
